
Microsoft Visual Studio Solution File, Format Version 12.00
# Visual Studio Version 16
VisualStudioVersion = 16.0.32228.343
MinimumVisualStudioVersion = 10.0.40219.1
Project("{FAE04EC0-301F-11D3-BF4B-00C04F79EFBC}") = "Class_Assignment", "Class_Assignment\Class_Assignment.csproj", "{D67AC8FA-A8B2-4A98-83F2-F4A98AA24334}"
EndProject
Global
	GlobalSection(SolutionConfigurationPlatforms) = preSolution
		Debug|Any CPU = Debug|Any CPU
		Release|Any CPU = Release|Any CPU
	EndGlobalSection
	GlobalSection(ProjectConfigurationPlatforms) = postSolution
		{D67AC8FA-A8B2-4A98-83F2-F4A98AA24334}.Debug|Any CPU.ActiveCfg = Debug|Any CPU
		{D67AC8FA-A8B2-4A98-83F2-F4A98AA24334}.Debug|Any CPU.Build.0 = Debug|Any CPU
		{D67AC8FA-A8B2-4A98-83F2-F4A98AA24334}.Release|Any CPU.ActiveCfg = Release|Any CPU
		{D67AC8FA-A8B2-4A98-83F2-F4A98AA24334}.Release|Any CPU.Build.0 = Release|Any CPU
	EndGlobalSection
	GlobalSection(SolutionProperties) = preSolution
		HideSolutionNode = FALSE
	EndGlobalSection
	GlobalSection(ExtensibilityGlobals) = postSolution
		SolutionGuid = {1E59E9C1-D4BB-48F6-AA25-E0C85D8A83AB}
	EndGlobalSection
EndGlobal
