
Microsoft Visual Studio Solution File, Format Version 12.00
# Visual Studio Version 16
VisualStudioVersion = 16.0.32228.343
MinimumVisualStudioVersion = 10.0.40219.1
Project("{FAE04EC0-301F-11D3-BF4B-00C04F79EFBC}") = "divider", "divider\divider.csproj", "{F4BC8440-3740-4AAB-A8F7-1555A32E26E3}"
EndProject
Global
	GlobalSection(SolutionConfigurationPlatforms) = preSolution
		Debug|Any CPU = Debug|Any CPU
		Release|Any CPU = Release|Any CPU
	EndGlobalSection
	GlobalSection(ProjectConfigurationPlatforms) = postSolution
		{F4BC8440-3740-4AAB-A8F7-1555A32E26E3}.Debug|Any CPU.ActiveCfg = Debug|Any CPU
		{F4BC8440-3740-4AAB-A8F7-1555A32E26E3}.Debug|Any CPU.Build.0 = Debug|Any CPU
		{F4BC8440-3740-4AAB-A8F7-1555A32E26E3}.Release|Any CPU.ActiveCfg = Release|Any CPU
		{F4BC8440-3740-4AAB-A8F7-1555A32E26E3}.Release|Any CPU.Build.0 = Release|Any CPU
	EndGlobalSection
	GlobalSection(SolutionProperties) = preSolution
		HideSolutionNode = FALSE
	EndGlobalSection
	GlobalSection(ExtensibilityGlobals) = postSolution
		SolutionGuid = {180FBC79-657E-4AF5-B000-6C200F0C6ED2}
	EndGlobalSection
EndGlobal
