
Microsoft Visual Studio Solution File, Format Version 12.00
# Visual Studio Version 17
VisualStudioVersion = 17.1.32328.378
MinimumVisualStudioVersion = 10.0.40219.1
Project("{FAE04EC0-301F-11D3-BF4B-00C04F79EFBC}") = "Classes", "Classes\Classes.csproj", "{270FF269-C18C-48E4-8A49-291001453B7D}"
EndProject
Global
	GlobalSection(SolutionConfigurationPlatforms) = preSolution
		Debug|Any CPU = Debug|Any CPU
		Release|Any CPU = Release|Any CPU
	EndGlobalSection
	GlobalSection(ProjectConfigurationPlatforms) = postSolution
		{270FF269-C18C-48E4-8A49-291001453B7D}.Debug|Any CPU.ActiveCfg = Debug|Any CPU
		{270FF269-C18C-48E4-8A49-291001453B7D}.Debug|Any CPU.Build.0 = Debug|Any CPU
		{270FF269-C18C-48E4-8A49-291001453B7D}.Release|Any CPU.ActiveCfg = Release|Any CPU
		{270FF269-C18C-48E4-8A49-291001453B7D}.Release|Any CPU.Build.0 = Release|Any CPU
	EndGlobalSection
	GlobalSection(SolutionProperties) = preSolution
		HideSolutionNode = FALSE
	EndGlobalSection
	GlobalSection(ExtensibilityGlobals) = postSolution
		SolutionGuid = {4187C441-E3BD-4E29-905D-50D68810B580}
	EndGlobalSection
EndGlobal
