
Microsoft Visual Studio Solution File, Format Version 12.00
# Visual Studio Version 16
VisualStudioVersion = 16.0.32228.343
MinimumVisualStudioVersion = 10.0.40219.1
Project("{FAE04EC0-301F-11D3-BF4B-00C04F79EFBC}") = "Do-While-Loops", "Do-While-Loops\Do-While-Loops.csproj", "{313F3797-D7AD-4F98-9072-77B182032E41}"
EndProject
Global
	GlobalSection(SolutionConfigurationPlatforms) = preSolution
		Debug|Any CPU = Debug|Any CPU
		Release|Any CPU = Release|Any CPU
	EndGlobalSection
	GlobalSection(ProjectConfigurationPlatforms) = postSolution
		{313F3797-D7AD-4F98-9072-77B182032E41}.Debug|Any CPU.ActiveCfg = Debug|Any CPU
		{313F3797-D7AD-4F98-9072-77B182032E41}.Debug|Any CPU.Build.0 = Debug|Any CPU
		{313F3797-D7AD-4F98-9072-77B182032E41}.Release|Any CPU.ActiveCfg = Release|Any CPU
		{313F3797-D7AD-4F98-9072-77B182032E41}.Release|Any CPU.Build.0 = Release|Any CPU
	EndGlobalSection
	GlobalSection(SolutionProperties) = preSolution
		HideSolutionNode = FALSE
	EndGlobalSection
	GlobalSection(ExtensibilityGlobals) = postSolution
		SolutionGuid = {E310A7AE-CC99-480D-9FD7-EFF83DC9BDE1}
	EndGlobalSection
EndGlobal
